
Microsoft Visual Studio Solution File, Format Version 12.00
Project("{FAE04EC0-301F-11D3-BF4B-00C04F79EFBC}") = "Taskerino", "Taskerino\Taskerino.csproj", "{C3EA2BD9-B583-4687-AB36-776FD96ABF08}"
EndProject
Project("{FAE04EC0-301F-11D3-BF4B-00C04F79EFBC}") = "Taskerino.Android", "Taskerino.Android\Taskerino.Android.csproj", "{5A84D625-4F27-4A2B-B811-AD0AE350BA63}"
EndProject
Project("{FAE04EC0-301F-11D3-BF4B-00C04F79EFBC}") = "Taskerino.iOS", "Taskerino.iOS\Taskerino.iOS.csproj", "{FA2601DD-F591-4C91-A384-B55E4B58E3CD}"
EndProject
Global
	GlobalSection(SolutionConfigurationPlatforms) = preSolution
		Ad-Hoc|iPhone = Ad-Hoc|iPhone
		AppStore|iPhone = AppStore|iPhone
		Debug|Any CPU = Debug|Any CPU
		Debug|iPhone = Debug|iPhone
		Debug|iPhoneSimulator = Debug|iPhoneSimulator
		Release|Any CPU = Release|Any CPU
		Release|iPhone = Release|iPhone
		Release|iPhoneSimulator = Release|iPhoneSimulator
	EndGlobalSection
	GlobalSection(ProjectConfigurationPlatforms) = postSolution
		{C3EA2BD9-B583-4687-AB36-776FD96ABF08}.Ad-Hoc|iPhone.ActiveCfg = Debug|Any CPU
		{C3EA2BD9-B583-4687-AB36-776FD96ABF08}.Ad-Hoc|iPhone.Build.0 = Debug|Any CPU
		{C3EA2BD9-B583-4687-AB36-776FD96ABF08}.AppStore|iPhone.ActiveCfg = Debug|Any CPU
		{C3EA2BD9-B583-4687-AB36-776FD96ABF08}.AppStore|iPhone.Build.0 = Debug|Any CPU
		{C3EA2BD9-B583-4687-AB36-776FD96ABF08}.Debug|Any CPU.ActiveCfg = Debug|Any CPU
		{C3EA2BD9-B583-4687-AB36-776FD96ABF08}.Debug|Any CPU.Build.0 = Debug|Any CPU
		{C3EA2BD9-B583-4687-AB36-776FD96ABF08}.Debug|iPhone.ActiveCfg = Debug|Any CPU
		{C3EA2BD9-B583-4687-AB36-776FD96ABF08}.Debug|iPhone.Build.0 = Debug|Any CPU
		{C3EA2BD9-B583-4687-AB36-776FD96ABF08}.Debug|iPhoneSimulator.ActiveCfg = Debug|Any CPU
		{C3EA2BD9-B583-4687-AB36-776FD96ABF08}.Debug|iPhoneSimulator.Build.0 = Debug|Any CPU
		{C3EA2BD9-B583-4687-AB36-776FD96ABF08}.Release|Any CPU.ActiveCfg = Release|Any CPU
		{C3EA2BD9-B583-4687-AB36-776FD96ABF08}.Release|Any CPU.Build.0 = Release|Any CPU
		{C3EA2BD9-B583-4687-AB36-776FD96ABF08}.Release|iPhone.ActiveCfg = Release|Any CPU
		{C3EA2BD9-B583-4687-AB36-776FD96ABF08}.Release|iPhone.Build.0 = Release|Any CPU
		{C3EA2BD9-B583-4687-AB36-776FD96ABF08}.Release|iPhoneSimulator.ActiveCfg = Release|Any CPU
		{C3EA2BD9-B583-4687-AB36-776FD96ABF08}.Release|iPhoneSimulator.Build.0 = Release|Any CPU
		{5A84D625-4F27-4A2B-B811-AD0AE350BA63}.Ad-Hoc|iPhone.ActiveCfg = Debug|Any CPU
		{5A84D625-4F27-4A2B-B811-AD0AE350BA63}.Ad-Hoc|iPhone.Build.0 = Debug|Any CPU
		{5A84D625-4F27-4A2B-B811-AD0AE350BA63}.Ad-Hoc|iPhone.Deploy.0 = Debug|Any CPU
		{5A84D625-4F27-4A2B-B811-AD0AE350BA63}.AppStore|iPhone.ActiveCfg = Debug|Any CPU
		{5A84D625-4F27-4A2B-B811-AD0AE350BA63}.AppStore|iPhone.Build.0 = Debug|Any CPU
		{5A84D625-4F27-4A2B-B811-AD0AE350BA63}.AppStore|iPhone.Deploy.0 = Debug|Any CPU
		{5A84D625-4F27-4A2B-B811-AD0AE350BA63}.Debug|Any CPU.ActiveCfg = Debug|Any CPU
		{5A84D625-4F27-4A2B-B811-AD0AE350BA63}.Debug|Any CPU.Build.0 = Debug|Any CPU
		{5A84D625-4F27-4A2B-B811-AD0AE350BA63}.Debug|Any CPU.Deploy.0 = Debug|Any CPU
		{5A84D625-4F27-4A2B-B811-AD0AE350BA63}.Debug|iPhone.ActiveCfg = Debug|Any CPU
		{5A84D625-4F27-4A2B-B811-AD0AE350BA63}.Debug|iPhone.Build.0 = Debug|Any CPU
		{5A84D625-4F27-4A2B-B811-AD0AE350BA63}.Debug|iPhone.Deploy.0 = Debug|Any CPU
		{5A84D625-4F27-4A2B-B811-AD0AE350BA63}.Debug|iPhoneSimulator.ActiveCfg = Debug|Any CPU
		{5A84D625-4F27-4A2B-B811-AD0AE350BA63}.Debug|iPhoneSimulator.Build.0 = Debug|Any CPU
		{5A84D625-4F27-4A2B-B811-AD0AE350BA63}.Debug|iPhoneSimulator.Deploy.0 = Debug|Any CPU
		{5A84D625-4F27-4A2B-B811-AD0AE350BA63}.Release|Any CPU.ActiveCfg = Release|Any CPU
		{5A84D625-4F27-4A2B-B811-AD0AE350BA63}.Release|Any CPU.Build.0 = Release|Any CPU
		{5A84D625-4F27-4A2B-B811-AD0AE350BA63}.Release|Any CPU.Deploy.0 = Release|Any CPU
		{5A84D625-4F27-4A2B-B811-AD0AE350BA63}.Release|iPhone.ActiveCfg = Release|Any CPU
		{5A84D625-4F27-4A2B-B811-AD0AE350BA63}.Release|iPhone.Build.0 = Release|Any CPU
		{5A84D625-4F27-4A2B-B811-AD0AE350BA63}.Release|iPhone.Deploy.0 = Release|Any CPU
		{5A84D625-4F27-4A2B-B811-AD0AE350BA63}.Release|iPhoneSimulator.ActiveCfg = Release|Any CPU
		{5A84D625-4F27-4A2B-B811-AD0AE350BA63}.Release|iPhoneSimulator.Build.0 = Release|Any CPU
		{5A84D625-4F27-4A2B-B811-AD0AE350BA63}.Release|iPhoneSimulator.Deploy.0 = Release|Any CPU
		{FA2601DD-F591-4C91-A384-B55E4B58E3CD}.Ad-Hoc|iPhone.ActiveCfg = Ad-Hoc|iPhone
		{FA2601DD-F591-4C91-A384-B55E4B58E3CD}.Ad-Hoc|iPhone.Build.0 = Ad-Hoc|iPhone
		{FA2601DD-F591-4C91-A384-B55E4B58E3CD}.Ad-Hoc|iPhone.Deploy.0 = Ad-Hoc|iPhone
		{FA2601DD-F591-4C91-A384-B55E4B58E3CD}.AppStore|iPhone.ActiveCfg = AppStore|iPhone
		{FA2601DD-F591-4C91-A384-B55E4B58E3CD}.AppStore|iPhone.Build.0 = AppStore|iPhone
		{FA2601DD-F591-4C91-A384-B55E4B58E3CD}.AppStore|iPhone.Deploy.0 = AppStore|iPhone
		{FA2601DD-F591-4C91-A384-B55E4B58E3CD}.Debug|Any CPU.ActiveCfg = Debug|iPhoneSimulator
		{FA2601DD-F591-4C91-A384-B55E4B58E3CD}.Debug|Any CPU.Build.0 = Debug|iPhoneSimulator
		{FA2601DD-F591-4C91-A384-B55E4B58E3CD}.Debug|Any CPU.Deploy.0 = Debug|iPhoneSimulator
		{FA2601DD-F591-4C91-A384-B55E4B58E3CD}.Debug|iPhone.ActiveCfg = Debug|iPhone
		{FA2601DD-F591-4C91-A384-B55E4B58E3CD}.Debug|iPhone.Build.0 = Debug|iPhone
		{FA2601DD-F591-4C91-A384-B55E4B58E3CD}.Debug|iPhone.Deploy.0 = Debug|iPhone
		{FA2601DD-F591-4C91-A384-B55E4B58E3CD}.Debug|iPhoneSimulator.ActiveCfg = Debug|iPhoneSimulator
		{FA2601DD-F591-4C91-A384-B55E4B58E3CD}.Debug|iPhoneSimulator.Build.0 = Debug|iPhoneSimulator
		{FA2601DD-F591-4C91-A384-B55E4B58E3CD}.Debug|iPhoneSimulator.Deploy.0 = Debug|iPhoneSimulator
		{FA2601DD-F591-4C91-A384-B55E4B58E3CD}.Release|Any CPU.ActiveCfg = Release|iPhoneSimulator
		{FA2601DD-F591-4C91-A384-B55E4B58E3CD}.Release|Any CPU.Build.0 = Release|iPhoneSimulator
		{FA2601DD-F591-4C91-A384-B55E4B58E3CD}.Release|Any CPU.Deploy.0 = Release|iPhoneSimulator
		{FA2601DD-F591-4C91-A384-B55E4B58E3CD}.Release|iPhone.ActiveCfg = Release|iPhone
		{FA2601DD-F591-4C91-A384-B55E4B58E3CD}.Release|iPhone.Build.0 = Release|iPhone
		{FA2601DD-F591-4C91-A384-B55E4B58E3CD}.Release|iPhone.Deploy.0 = Release|iPhone
		{FA2601DD-F591-4C91-A384-B55E4B58E3CD}.Release|iPhoneSimulator.ActiveCfg = Release|iPhoneSimulator
		{FA2601DD-F591-4C91-A384-B55E4B58E3CD}.Release|iPhoneSimulator.Build.0 = Release|iPhoneSimulator
		{FA2601DD-F591-4C91-A384-B55E4B58E3CD}.Release|iPhoneSimulator.Deploy.0 = Release|iPhoneSimulator
	EndGlobalSection
EndGlobal
